
Microsoft Visual Studio Solution File, Format Version 10.00
# Visual Studio 2008
Project("{8BC9CEB8-8B4A-11D0-8D11-00A0C91BC942}") = "SINmain", "SINmain\Projects\VS\SINmain.vcproj", "{2FF2E5DD-6B8C-4A02-AC93-58B45636D824}"
	ProjectSection(ProjectDependencies) = postProject
		{42D01C3B-D8A9-4DD0-9994-EC4E377B04B6} = {42D01C3B-D8A9-4DD0-9994-EC4E377B04B6}
		{448378FC-D2D6-42CE-8966-1E62FF3401DE} = {448378FC-D2D6-42CE-8966-1E62FF3401DE}
	EndProjectSection
EndProject
Project("{8BC9CEB8-8B4A-11D0-8D11-00A0C91BC942}") = "SINParser", "SINParser\Projects\VS\SINParser.vcproj", "{42D01C3B-D8A9-4DD0-9994-EC4E377B04B6}"
	ProjectSection(ProjectDependencies) = postProject
		{24375CE7-D218-4936-AC99-552B1B4C2E98} = {24375CE7-D218-4936-AC99-552B1B4C2E98}
	EndProjectSection
EndProject
Project("{8BC9CEB8-8B4A-11D0-8D11-00A0C91BC942}") = "SINAST", "SINAST\Projects\VS\SINAST.vcproj", "{E935FBB8-4670-4ED5-B84E-CE44E3F54B3E}"
	ProjectSection(ProjectDependencies) = postProject
		{67ADD475-BC3E-4485-A405-872A093C62F3} = {67ADD475-BC3E-4485-A405-872A093C62F3}
	EndProjectSection
EndProject
Project("{8BC9CEB8-8B4A-11D0-8D11-00A0C91BC942}") = "Common", "Common\Projects\VS\Common.vcproj", "{67ADD475-BC3E-4485-A405-872A093C62F3}"
EndProject
Project("{2150E333-8FDC-42A3-9474-1A3956D46DE8}") = "Tests", "Tests", "{4BE23EA1-8B76-4CF4-A08E-7733F4ABCD23}"
EndProject
Project("{8BC9CEB8-8B4A-11D0-8D11-00A0C91BC942}") = "SINAST_Test", "Tests\SINAST_Test\Projects\VS\SINAST_Test.vcproj", "{FC837156-BD49-4E48-BB57-6DD82135BA28}"
EndProject
Project("{8BC9CEB8-8B4A-11D0-8D11-00A0C91BC942}") = "SINCommon", "SINCommon\Projects\VS\SINCommon.vcproj", "{24375CE7-D218-4936-AC99-552B1B4C2E98}"
EndProject
Project("{8BC9CEB8-8B4A-11D0-8D11-00A0C91BC942}") = "SINTest", "Tests\SINTest\Projects\VS\SINTest.vcproj", "{08AAB630-4E5E-474A-8AC9-09ADC1EDC5CB}"
EndProject
Project("{8BC9CEB8-8B4A-11D0-8D11-00A0C91BC942}") = "SINLogging", "SINLogging\Projects\VS\SINLogging.vcproj", "{6CA9A3FC-38A7-4A25-BB0E-D3DEF9C569B7}"
EndProject
Project("{8BC9CEB8-8B4A-11D0-8D11-00A0C91BC942}") = "SINCommon_Test", "Tests\SINCommon_Test\Projects\VS\SINCommon_Test.vcproj", "{1657F4C4-C606-41CC-9566-CC0AFEA7DC65}"
EndProject
Project("{8BC9CEB8-8B4A-11D0-8D11-00A0C91BC942}") = "SINLogging_Test", "Tests\SINLogging_Test\Projects\VS\SINLogging_Test.vcproj", "{A24C62EE-7A81-4050-BBB8-19F74C54FE5B}"
EndProject
Project("{8BC9CEB8-8B4A-11D0-8D11-00A0C91BC942}") = "SINParser_Test", "Tests\SINParser_Test\Projects\VS\SINParser_Test.vcproj", "{94EE40BB-80A6-4EE6-A8F9-AE4C83AADA7C}"
EndProject
Project("{8BC9CEB8-8B4A-11D0-8D11-00A0C91BC942}") = "SINRuntime", "SINRuntime\Projects\VS\SINRuntime.vcproj", "{6EF1473D-B277-4446-8E29-5E5D028730E0}"
EndProject
Project("{8BC9CEB8-8B4A-11D0-8D11-00A0C91BC942}") = "SINSymbolTable_Test", "Tests\SINSymbolTable_Test\Projects\VS\SINSymbolTable_Test.vcproj", "{1D78146D-88E6-4F12-A4C0-3BE6A359B187}"
EndProject
Project("{8BC9CEB8-8B4A-11D0-8D11-00A0C91BC942}") = "SINAlloc", "SINAlloc\Projects\VS\SINAlloc.vcproj", "{FE046A76-0260-4C0E-A739-75583AF47C3A}"
EndProject
Project("{8BC9CEB8-8B4A-11D0-8D11-00A0C91BC942}") = "SINAlloc_Test", "Tests\SINAlloc_Test\Projects\VS\SINAlloc_Test.vcproj", "{7B1F75F3-2F88-4EFF-824B-7204BDBF3995}"
EndProject
Project("{8BC9CEB8-8B4A-11D0-8D11-00A0C91BC942}") = "SINRun_Test", "Tests\SINRun_Test\Projects\VS\SINRun_Test.vcproj", "{448378FC-D2D6-42CE-8966-1E62FF3401DE}"
	ProjectSection(ProjectDependencies) = postProject
		{6EF1473D-B277-4446-8E29-5E5D028730E0} = {6EF1473D-B277-4446-8E29-5E5D028730E0}
	EndProjectSection
EndProject
Project("{8BC9CEB8-8B4A-11D0-8D11-00A0C91BC942}") = "SINObject_Test", "Tests\SINObject_Test\Projects\VS\SINObject_Test.vcproj", "{3CB848E4-2455-4F0F-8303-EDBA099C0284}"
EndProject
Project("{8BC9CEB8-8B4A-11D0-8D11-00A0C91BC942}") = "SINLibraryFunctions", "SINLibraryFunctions\Projects\VS\SINLibraryFunctions.vcproj", "{D6319BFB-3D16-4136-A931-B736E8116DC6}"
EndProject
Global
	GlobalSection(SubversionScc) = preSolution
		Svn-Managed = True
		Manager = AnkhSVN - Subversion Support for Visual Studio
	EndGlobalSection
	GlobalSection(SolutionConfigurationPlatforms) = preSolution
		Debug|Win32 = Debug|Win32
		Release|Win32 = Release|Win32
	EndGlobalSection
	GlobalSection(ProjectConfigurationPlatforms) = postSolution
		{2FF2E5DD-6B8C-4A02-AC93-58B45636D824}.Debug|Win32.ActiveCfg = Debug|Win32
		{2FF2E5DD-6B8C-4A02-AC93-58B45636D824}.Debug|Win32.Build.0 = Debug|Win32
		{2FF2E5DD-6B8C-4A02-AC93-58B45636D824}.Release|Win32.ActiveCfg = Release|Win32
		{2FF2E5DD-6B8C-4A02-AC93-58B45636D824}.Release|Win32.Build.0 = Release|Win32
		{42D01C3B-D8A9-4DD0-9994-EC4E377B04B6}.Debug|Win32.ActiveCfg = Debug|Win32
		{42D01C3B-D8A9-4DD0-9994-EC4E377B04B6}.Debug|Win32.Build.0 = Debug|Win32
		{42D01C3B-D8A9-4DD0-9994-EC4E377B04B6}.Release|Win32.ActiveCfg = Release|Win32
		{42D01C3B-D8A9-4DD0-9994-EC4E377B04B6}.Release|Win32.Build.0 = Release|Win32
		{E935FBB8-4670-4ED5-B84E-CE44E3F54B3E}.Debug|Win32.ActiveCfg = Debug|Win32
		{E935FBB8-4670-4ED5-B84E-CE44E3F54B3E}.Debug|Win32.Build.0 = Debug|Win32
		{E935FBB8-4670-4ED5-B84E-CE44E3F54B3E}.Release|Win32.ActiveCfg = Release|Win32
		{E935FBB8-4670-4ED5-B84E-CE44E3F54B3E}.Release|Win32.Build.0 = Release|Win32
		{67ADD475-BC3E-4485-A405-872A093C62F3}.Debug|Win32.ActiveCfg = Debug|Win32
		{67ADD475-BC3E-4485-A405-872A093C62F3}.Debug|Win32.Build.0 = Debug|Win32
		{67ADD475-BC3E-4485-A405-872A093C62F3}.Release|Win32.ActiveCfg = Release|Win32
		{67ADD475-BC3E-4485-A405-872A093C62F3}.Release|Win32.Build.0 = Release|Win32
		{FC837156-BD49-4E48-BB57-6DD82135BA28}.Debug|Win32.ActiveCfg = Debug|Win32
		{FC837156-BD49-4E48-BB57-6DD82135BA28}.Debug|Win32.Build.0 = Debug|Win32
		{FC837156-BD49-4E48-BB57-6DD82135BA28}.Release|Win32.ActiveCfg = Release|Win32
		{FC837156-BD49-4E48-BB57-6DD82135BA28}.Release|Win32.Build.0 = Release|Win32
		{24375CE7-D218-4936-AC99-552B1B4C2E98}.Debug|Win32.ActiveCfg = Debug|Win32
		{24375CE7-D218-4936-AC99-552B1B4C2E98}.Debug|Win32.Build.0 = Debug|Win32
		{24375CE7-D218-4936-AC99-552B1B4C2E98}.Release|Win32.ActiveCfg = Release|Win32
		{24375CE7-D218-4936-AC99-552B1B4C2E98}.Release|Win32.Build.0 = Release|Win32
		{08AAB630-4E5E-474A-8AC9-09ADC1EDC5CB}.Debug|Win32.ActiveCfg = Debug|Win32
		{08AAB630-4E5E-474A-8AC9-09ADC1EDC5CB}.Debug|Win32.Build.0 = Debug|Win32
		{08AAB630-4E5E-474A-8AC9-09ADC1EDC5CB}.Release|Win32.ActiveCfg = Release|Win32
		{08AAB630-4E5E-474A-8AC9-09ADC1EDC5CB}.Release|Win32.Build.0 = Release|Win32
		{6CA9A3FC-38A7-4A25-BB0E-D3DEF9C569B7}.Debug|Win32.ActiveCfg = Debug|Win32
		{6CA9A3FC-38A7-4A25-BB0E-D3DEF9C569B7}.Debug|Win32.Build.0 = Debug|Win32
		{6CA9A3FC-38A7-4A25-BB0E-D3DEF9C569B7}.Release|Win32.ActiveCfg = Release|Win32
		{6CA9A3FC-38A7-4A25-BB0E-D3DEF9C569B7}.Release|Win32.Build.0 = Release|Win32
		{1657F4C4-C606-41CC-9566-CC0AFEA7DC65}.Debug|Win32.ActiveCfg = Debug|Win32
		{1657F4C4-C606-41CC-9566-CC0AFEA7DC65}.Debug|Win32.Build.0 = Debug|Win32
		{1657F4C4-C606-41CC-9566-CC0AFEA7DC65}.Release|Win32.ActiveCfg = Release|Win32
		{1657F4C4-C606-41CC-9566-CC0AFEA7DC65}.Release|Win32.Build.0 = Release|Win32
		{A24C62EE-7A81-4050-BBB8-19F74C54FE5B}.Debug|Win32.ActiveCfg = Debug|Win32
		{A24C62EE-7A81-4050-BBB8-19F74C54FE5B}.Debug|Win32.Build.0 = Debug|Win32
		{A24C62EE-7A81-4050-BBB8-19F74C54FE5B}.Release|Win32.ActiveCfg = Release|Win32
		{A24C62EE-7A81-4050-BBB8-19F74C54FE5B}.Release|Win32.Build.0 = Release|Win32
		{94EE40BB-80A6-4EE6-A8F9-AE4C83AADA7C}.Debug|Win32.ActiveCfg = Debug|Win32
		{94EE40BB-80A6-4EE6-A8F9-AE4C83AADA7C}.Debug|Win32.Build.0 = Debug|Win32
		{94EE40BB-80A6-4EE6-A8F9-AE4C83AADA7C}.Release|Win32.ActiveCfg = Release|Win32
		{94EE40BB-80A6-4EE6-A8F9-AE4C83AADA7C}.Release|Win32.Build.0 = Release|Win32
		{6EF1473D-B277-4446-8E29-5E5D028730E0}.Debug|Win32.ActiveCfg = Debug|Win32
		{6EF1473D-B277-4446-8E29-5E5D028730E0}.Debug|Win32.Build.0 = Debug|Win32
		{6EF1473D-B277-4446-8E29-5E5D028730E0}.Release|Win32.ActiveCfg = Release|Win32
		{6EF1473D-B277-4446-8E29-5E5D028730E0}.Release|Win32.Build.0 = Release|Win32
		{1D78146D-88E6-4F12-A4C0-3BE6A359B187}.Debug|Win32.ActiveCfg = Debug|Win32
		{1D78146D-88E6-4F12-A4C0-3BE6A359B187}.Debug|Win32.Build.0 = Debug|Win32
		{1D78146D-88E6-4F12-A4C0-3BE6A359B187}.Release|Win32.ActiveCfg = Release|Win32
		{1D78146D-88E6-4F12-A4C0-3BE6A359B187}.Release|Win32.Build.0 = Release|Win32
		{FE046A76-0260-4C0E-A739-75583AF47C3A}.Debug|Win32.ActiveCfg = Debug|Win32
		{FE046A76-0260-4C0E-A739-75583AF47C3A}.Debug|Win32.Build.0 = Debug|Win32
		{FE046A76-0260-4C0E-A739-75583AF47C3A}.Release|Win32.ActiveCfg = Release|Win32
		{FE046A76-0260-4C0E-A739-75583AF47C3A}.Release|Win32.Build.0 = Release|Win32
		{7B1F75F3-2F88-4EFF-824B-7204BDBF3995}.Debug|Win32.ActiveCfg = Debug|Win32
		{7B1F75F3-2F88-4EFF-824B-7204BDBF3995}.Debug|Win32.Build.0 = Debug|Win32
		{7B1F75F3-2F88-4EFF-824B-7204BDBF3995}.Release|Win32.ActiveCfg = Release|Win32
		{7B1F75F3-2F88-4EFF-824B-7204BDBF3995}.Release|Win32.Build.0 = Release|Win32
		{448378FC-D2D6-42CE-8966-1E62FF3401DE}.Debug|Win32.ActiveCfg = Debug|Win32
		{448378FC-D2D6-42CE-8966-1E62FF3401DE}.Debug|Win32.Build.0 = Debug|Win32
		{448378FC-D2D6-42CE-8966-1E62FF3401DE}.Release|Win32.ActiveCfg = Release|Win32
		{448378FC-D2D6-42CE-8966-1E62FF3401DE}.Release|Win32.Build.0 = Release|Win32
		{3CB848E4-2455-4F0F-8303-EDBA099C0284}.Debug|Win32.ActiveCfg = Debug|Win32
		{3CB848E4-2455-4F0F-8303-EDBA099C0284}.Debug|Win32.Build.0 = Debug|Win32
		{3CB848E4-2455-4F0F-8303-EDBA099C0284}.Release|Win32.ActiveCfg = Release|Win32
		{3CB848E4-2455-4F0F-8303-EDBA099C0284}.Release|Win32.Build.0 = Release|Win32
		{D6319BFB-3D16-4136-A931-B736E8116DC6}.Debug|Win32.ActiveCfg = Debug|Win32
		{D6319BFB-3D16-4136-A931-B736E8116DC6}.Debug|Win32.Build.0 = Debug|Win32
		{D6319BFB-3D16-4136-A931-B736E8116DC6}.Release|Win32.ActiveCfg = Release|Win32
		{D6319BFB-3D16-4136-A931-B736E8116DC6}.Release|Win32.Build.0 = Release|Win32
	EndGlobalSection
	GlobalSection(SolutionProperties) = preSolution
		HideSolutionNode = FALSE
	EndGlobalSection
	GlobalSection(NestedProjects) = preSolution
		{FC837156-BD49-4E48-BB57-6DD82135BA28} = {4BE23EA1-8B76-4CF4-A08E-7733F4ABCD23}
		{08AAB630-4E5E-474A-8AC9-09ADC1EDC5CB} = {4BE23EA1-8B76-4CF4-A08E-7733F4ABCD23}
		{1657F4C4-C606-41CC-9566-CC0AFEA7DC65} = {4BE23EA1-8B76-4CF4-A08E-7733F4ABCD23}
		{A24C62EE-7A81-4050-BBB8-19F74C54FE5B} = {4BE23EA1-8B76-4CF4-A08E-7733F4ABCD23}
		{94EE40BB-80A6-4EE6-A8F9-AE4C83AADA7C} = {4BE23EA1-8B76-4CF4-A08E-7733F4ABCD23}
		{1D78146D-88E6-4F12-A4C0-3BE6A359B187} = {4BE23EA1-8B76-4CF4-A08E-7733F4ABCD23}
		{7B1F75F3-2F88-4EFF-824B-7204BDBF3995} = {4BE23EA1-8B76-4CF4-A08E-7733F4ABCD23}
		{448378FC-D2D6-42CE-8966-1E62FF3401DE} = {4BE23EA1-8B76-4CF4-A08E-7733F4ABCD23}
		{3CB848E4-2455-4F0F-8303-EDBA099C0284} = {4BE23EA1-8B76-4CF4-A08E-7733F4ABCD23}
	EndGlobalSection
EndGlobal
