
Microsoft Visual Studio Solution File, Format Version 10.00
# Visual Studio 2008
Project("{8BC9CEB8-8B4A-11D0-8D11-00A0C91BC942}") = "MHNmain", "MHNmain\Projects\VS\MHNmain.vcproj", "{2FF2E5DD-6B8C-4A02-AC93-58B45636D824}"
EndProject
Global
	GlobalSection(SolutionConfigurationPlatforms) = preSolution
		Debug|Win32 = Debug|Win32
		Release|Win32 = Release|Win32
	EndGlobalSection
	GlobalSection(ProjectConfigurationPlatforms) = postSolution
		{2FF2E5DD-6B8C-4A02-AC93-58B45636D824}.Debug|Win32.ActiveCfg = Debug|Win32
		{2FF2E5DD-6B8C-4A02-AC93-58B45636D824}.Debug|Win32.Build.0 = Debug|Win32
		{2FF2E5DD-6B8C-4A02-AC93-58B45636D824}.Release|Win32.ActiveCfg = Release|Win32
		{2FF2E5DD-6B8C-4A02-AC93-58B45636D824}.Release|Win32.Build.0 = Release|Win32
	EndGlobalSection
	GlobalSection(SolutionProperties) = preSolution
		HideSolutionNode = FALSE
	EndGlobalSection
EndGlobal
